
Microsoft Visual Studio Solution File, Format Version 12.00
# Visual Studio 15
VisualStudioVersion = 15.0.28307.1267
MinimumVisualStudioVersion = 10.0.40219.1
Project("{8BC9CEB8-8B4A-11D0-8D11-00A0C91BC942}") = "day06_1", "day06_1\day06_1.vcxproj", "{E449DD9C-F1BE-4A0E-8323-AE186EAFED6A}"
EndProject
Project("{8BC9CEB8-8B4A-11D0-8D11-00A0C91BC942}") = "day06_2", "day06_2\day06_2.vcxproj", "{FEF36F4F-4DDE-4785-A741-97A6E55A12ED}"
EndProject
Global
	GlobalSection(SolutionConfigurationPlatforms) = preSolution
		Debug|x64 = Debug|x64
		Debug|x86 = Debug|x86
		Release|x64 = Release|x64
		Release|x86 = Release|x86
	EndGlobalSection
	GlobalSection(ProjectConfigurationPlatforms) = postSolution
		{E449DD9C-F1BE-4A0E-8323-AE186EAFED6A}.Debug|x64.ActiveCfg = Debug|x64
		{E449DD9C-F1BE-4A0E-8323-AE186EAFED6A}.Debug|x64.Build.0 = Debug|x64
		{E449DD9C-F1BE-4A0E-8323-AE186EAFED6A}.Debug|x86.ActiveCfg = Debug|Win32
		{E449DD9C-F1BE-4A0E-8323-AE186EAFED6A}.Debug|x86.Build.0 = Debug|Win32
		{E449DD9C-F1BE-4A0E-8323-AE186EAFED6A}.Release|x64.ActiveCfg = Release|x64
		{E449DD9C-F1BE-4A0E-8323-AE186EAFED6A}.Release|x64.Build.0 = Release|x64
		{E449DD9C-F1BE-4A0E-8323-AE186EAFED6A}.Release|x86.ActiveCfg = Release|Win32
		{E449DD9C-F1BE-4A0E-8323-AE186EAFED6A}.Release|x86.Build.0 = Release|Win32
		{FEF36F4F-4DDE-4785-A741-97A6E55A12ED}.Debug|x64.ActiveCfg = Debug|x64
		{FEF36F4F-4DDE-4785-A741-97A6E55A12ED}.Debug|x64.Build.0 = Debug|x64
		{FEF36F4F-4DDE-4785-A741-97A6E55A12ED}.Debug|x86.ActiveCfg = Debug|Win32
		{FEF36F4F-4DDE-4785-A741-97A6E55A12ED}.Debug|x86.Build.0 = Debug|Win32
		{FEF36F4F-4DDE-4785-A741-97A6E55A12ED}.Release|x64.ActiveCfg = Release|x64
		{FEF36F4F-4DDE-4785-A741-97A6E55A12ED}.Release|x64.Build.0 = Release|x64
		{FEF36F4F-4DDE-4785-A741-97A6E55A12ED}.Release|x86.ActiveCfg = Release|Win32
		{FEF36F4F-4DDE-4785-A741-97A6E55A12ED}.Release|x86.Build.0 = Release|Win32
	EndGlobalSection
	GlobalSection(SolutionProperties) = preSolution
		HideSolutionNode = FALSE
	EndGlobalSection
	GlobalSection(ExtensibilityGlobals) = postSolution
		SolutionGuid = {61FEB6ED-0859-4981-8651-EABE2786523D}
	EndGlobalSection
EndGlobal
