
Microsoft Visual Studio Solution File, Format Version 12.00
# Visual Studio 15
VisualStudioVersion = 15.0.28307.1267
MinimumVisualStudioVersion = 10.0.40219.1
Project("{8BC9CEB8-8B4A-11D0-8D11-00A0C91BC942}") = "day03_1", "day03_1\day03_1.vcxproj", "{F52B4D93-F461-4E4C-8C25-84ECF8B58B1C}"
EndProject
Project("{8BC9CEB8-8B4A-11D0-8D11-00A0C91BC942}") = "day03_2", "day03_2\day03_2.vcxproj", "{BF2CA1B4-6051-4916-903B-4FC81ECF747F}"
EndProject
Global
	GlobalSection(SolutionConfigurationPlatforms) = preSolution
		Debug|x64 = Debug|x64
		Debug|x86 = Debug|x86
		Release|x64 = Release|x64
		Release|x86 = Release|x86
	EndGlobalSection
	GlobalSection(ProjectConfigurationPlatforms) = postSolution
		{F52B4D93-F461-4E4C-8C25-84ECF8B58B1C}.Debug|x64.ActiveCfg = Debug|x64
		{F52B4D93-F461-4E4C-8C25-84ECF8B58B1C}.Debug|x64.Build.0 = Debug|x64
		{F52B4D93-F461-4E4C-8C25-84ECF8B58B1C}.Debug|x86.ActiveCfg = Debug|Win32
		{F52B4D93-F461-4E4C-8C25-84ECF8B58B1C}.Debug|x86.Build.0 = Debug|Win32
		{F52B4D93-F461-4E4C-8C25-84ECF8B58B1C}.Release|x64.ActiveCfg = Release|x64
		{F52B4D93-F461-4E4C-8C25-84ECF8B58B1C}.Release|x64.Build.0 = Release|x64
		{F52B4D93-F461-4E4C-8C25-84ECF8B58B1C}.Release|x86.ActiveCfg = Release|Win32
		{F52B4D93-F461-4E4C-8C25-84ECF8B58B1C}.Release|x86.Build.0 = Release|Win32
		{BF2CA1B4-6051-4916-903B-4FC81ECF747F}.Debug|x64.ActiveCfg = Debug|x64
		{BF2CA1B4-6051-4916-903B-4FC81ECF747F}.Debug|x64.Build.0 = Debug|x64
		{BF2CA1B4-6051-4916-903B-4FC81ECF747F}.Debug|x86.ActiveCfg = Debug|Win32
		{BF2CA1B4-6051-4916-903B-4FC81ECF747F}.Debug|x86.Build.0 = Debug|Win32
		{BF2CA1B4-6051-4916-903B-4FC81ECF747F}.Release|x64.ActiveCfg = Release|x64
		{BF2CA1B4-6051-4916-903B-4FC81ECF747F}.Release|x64.Build.0 = Release|x64
		{BF2CA1B4-6051-4916-903B-4FC81ECF747F}.Release|x86.ActiveCfg = Release|Win32
		{BF2CA1B4-6051-4916-903B-4FC81ECF747F}.Release|x86.Build.0 = Release|Win32
	EndGlobalSection
	GlobalSection(SolutionProperties) = preSolution
		HideSolutionNode = FALSE
	EndGlobalSection
	GlobalSection(ExtensibilityGlobals) = postSolution
		SolutionGuid = {61FEB6ED-0859-4981-8651-EABE2786523D}
	EndGlobalSection
EndGlobal
