
Microsoft Visual Studio Solution File, Format Version 12.00
# Visual Studio 15
VisualStudioVersion = 15.0.28307.1267
MinimumVisualStudioVersion = 10.0.40219.1
Project("{8BC9CEB8-8B4A-11D0-8D11-00A0C91BC942}") = "day2_2", "day2_2\day2_2.vcxproj", "{2EB5E4FF-8FCD-4FE2-93C3-A376B8279B4B}"
EndProject
Project("{8BC9CEB8-8B4A-11D0-8D11-00A0C91BC942}") = "day2_1", "day2_1\day2_1.vcxproj", "{CF7818A3-A71F-4933-8D22-60C905FA250D}"
EndProject
Global
	GlobalSection(SolutionConfigurationPlatforms) = preSolution
		Debug|x64 = Debug|x64
		Debug|x86 = Debug|x86
		Release|x64 = Release|x64
		Release|x86 = Release|x86
	EndGlobalSection
	GlobalSection(ProjectConfigurationPlatforms) = postSolution
		{2EB5E4FF-8FCD-4FE2-93C3-A376B8279B4B}.Debug|x64.ActiveCfg = Debug|x64
		{2EB5E4FF-8FCD-4FE2-93C3-A376B8279B4B}.Debug|x64.Build.0 = Debug|x64
		{2EB5E4FF-8FCD-4FE2-93C3-A376B8279B4B}.Debug|x86.ActiveCfg = Debug|Win32
		{2EB5E4FF-8FCD-4FE2-93C3-A376B8279B4B}.Debug|x86.Build.0 = Debug|Win32
		{2EB5E4FF-8FCD-4FE2-93C3-A376B8279B4B}.Release|x64.ActiveCfg = Release|x64
		{2EB5E4FF-8FCD-4FE2-93C3-A376B8279B4B}.Release|x64.Build.0 = Release|x64
		{2EB5E4FF-8FCD-4FE2-93C3-A376B8279B4B}.Release|x86.ActiveCfg = Release|Win32
		{2EB5E4FF-8FCD-4FE2-93C3-A376B8279B4B}.Release|x86.Build.0 = Release|Win32
		{CF7818A3-A71F-4933-8D22-60C905FA250D}.Debug|x64.ActiveCfg = Debug|x64
		{CF7818A3-A71F-4933-8D22-60C905FA250D}.Debug|x64.Build.0 = Debug|x64
		{CF7818A3-A71F-4933-8D22-60C905FA250D}.Debug|x86.ActiveCfg = Debug|Win32
		{CF7818A3-A71F-4933-8D22-60C905FA250D}.Debug|x86.Build.0 = Debug|Win32
		{CF7818A3-A71F-4933-8D22-60C905FA250D}.Release|x64.ActiveCfg = Release|x64
		{CF7818A3-A71F-4933-8D22-60C905FA250D}.Release|x64.Build.0 = Release|x64
		{CF7818A3-A71F-4933-8D22-60C905FA250D}.Release|x86.ActiveCfg = Release|Win32
		{CF7818A3-A71F-4933-8D22-60C905FA250D}.Release|x86.Build.0 = Release|Win32
	EndGlobalSection
	GlobalSection(SolutionProperties) = preSolution
		HideSolutionNode = FALSE
	EndGlobalSection
	GlobalSection(ExtensibilityGlobals) = postSolution
		SolutionGuid = {61FEB6ED-0859-4981-8651-EABE2786523D}
	EndGlobalSection
EndGlobal
