
Microsoft Visual Studio Solution File, Format Version 12.00
# Visual Studio 15
VisualStudioVersion = 15.0.28307.1267
MinimumVisualStudioVersion = 10.0.40219.1
Project("{8BC9CEB8-8B4A-11D0-8D11-00A0C91BC942}") = "day05_1", "day05_1\day05_1.vcxproj", "{04B54F6F-26BC-4517-AA76-32D9A032E727}"
EndProject
Project("{8BC9CEB8-8B4A-11D0-8D11-00A0C91BC942}") = "day05_2", "day05_2\day05_2.vcxproj", "{8A209BF9-DEF0-4CB3-A2A8-761D0D9EEDBB}"
EndProject
Global
	GlobalSection(SolutionConfigurationPlatforms) = preSolution
		Debug|x64 = Debug|x64
		Debug|x86 = Debug|x86
		Release|x64 = Release|x64
		Release|x86 = Release|x86
	EndGlobalSection
	GlobalSection(ProjectConfigurationPlatforms) = postSolution
		{04B54F6F-26BC-4517-AA76-32D9A032E727}.Debug|x64.ActiveCfg = Debug|x64
		{04B54F6F-26BC-4517-AA76-32D9A032E727}.Debug|x64.Build.0 = Debug|x64
		{04B54F6F-26BC-4517-AA76-32D9A032E727}.Debug|x86.ActiveCfg = Debug|Win32
		{04B54F6F-26BC-4517-AA76-32D9A032E727}.Debug|x86.Build.0 = Debug|Win32
		{04B54F6F-26BC-4517-AA76-32D9A032E727}.Release|x64.ActiveCfg = Release|x64
		{04B54F6F-26BC-4517-AA76-32D9A032E727}.Release|x64.Build.0 = Release|x64
		{04B54F6F-26BC-4517-AA76-32D9A032E727}.Release|x86.ActiveCfg = Release|Win32
		{04B54F6F-26BC-4517-AA76-32D9A032E727}.Release|x86.Build.0 = Release|Win32
		{8A209BF9-DEF0-4CB3-A2A8-761D0D9EEDBB}.Debug|x64.ActiveCfg = Debug|x64
		{8A209BF9-DEF0-4CB3-A2A8-761D0D9EEDBB}.Debug|x64.Build.0 = Debug|x64
		{8A209BF9-DEF0-4CB3-A2A8-761D0D9EEDBB}.Debug|x86.ActiveCfg = Debug|Win32
		{8A209BF9-DEF0-4CB3-A2A8-761D0D9EEDBB}.Debug|x86.Build.0 = Debug|Win32
		{8A209BF9-DEF0-4CB3-A2A8-761D0D9EEDBB}.Release|x64.ActiveCfg = Release|x64
		{8A209BF9-DEF0-4CB3-A2A8-761D0D9EEDBB}.Release|x64.Build.0 = Release|x64
		{8A209BF9-DEF0-4CB3-A2A8-761D0D9EEDBB}.Release|x86.ActiveCfg = Release|Win32
		{8A209BF9-DEF0-4CB3-A2A8-761D0D9EEDBB}.Release|x86.Build.0 = Release|Win32
	EndGlobalSection
	GlobalSection(SolutionProperties) = preSolution
		HideSolutionNode = FALSE
	EndGlobalSection
	GlobalSection(ExtensibilityGlobals) = postSolution
		SolutionGuid = {61FEB6ED-0859-4981-8651-EABE2786523D}
	EndGlobalSection
EndGlobal
